
Microsoft Visual Studio Solution File, Format Version 12.00
# Visual Studio Version 17
VisualStudioVersion = 17.4.33103.184
MinimumVisualStudioVersion = 10.0.40219.1
Project("{FAE04EC0-301F-11D3-BF4B-00C04F79EFBC}") = "Crasvia", "Crasvia\Crasvia.csproj", "{F5EBE409-8BDF-4C9E-B7B2-60C96F50FF26}"
EndProject
Global
	GlobalSection(SolutionConfigurationPlatforms) = preSolution
		Debug|Any CPU = Debug|Any CPU
		Release|Any CPU = Release|Any CPU
	EndGlobalSection
	GlobalSection(ProjectConfigurationPlatforms) = postSolution
		{F5EBE409-8BDF-4C9E-B7B2-60C96F50FF26}.Debug|Any CPU.ActiveCfg = Debug|Any CPU
		{F5EBE409-8BDF-4C9E-B7B2-60C96F50FF26}.Debug|Any CPU.Build.0 = Debug|Any CPU
		{F5EBE409-8BDF-4C9E-B7B2-60C96F50FF26}.Release|Any CPU.ActiveCfg = Release|Any CPU
		{F5EBE409-8BDF-4C9E-B7B2-60C96F50FF26}.Release|Any CPU.Build.0 = Release|Any CPU
	EndGlobalSection
	GlobalSection(SolutionProperties) = preSolution
		HideSolutionNode = FALSE
	EndGlobalSection
	GlobalSection(ExtensibilityGlobals) = postSolution
		SolutionGuid = {88D0CE36-96FE-4597-822F-4D3C7E3424D1}
	EndGlobalSection
EndGlobal
